
Microsoft Visual Studio Solution File, Format Version 12.00
Project("{FAE04EC0-301F-11D3-BF4B-00C04F79EFBC}") = "Zadanie1", "Zadanie1\Zadanie1.csproj", "{13A9EE89-3801-4608-B7D2-E1BA4A347933}"
EndProject
Project("{FAE04EC0-301F-11D3-BF4B-00C04F79EFBC}") = "Zadanie2", "Zadanie2\Zadanie2.csproj", "{E6BB0EFD-E2BA-4F4E-9818-424E09BD7D06}"
EndProject
Global
	GlobalSection(SolutionConfigurationPlatforms) = preSolution
		Debug|Any CPU = Debug|Any CPU
		Release|Any CPU = Release|Any CPU
	EndGlobalSection
	GlobalSection(ProjectConfigurationPlatforms) = postSolution
		{E6BB0EFD-E2BA-4F4E-9818-424E09BD7D06}.Debug|Any CPU.ActiveCfg = Debug|Any CPU
		{E6BB0EFD-E2BA-4F4E-9818-424E09BD7D06}.Debug|Any CPU.Build.0 = Debug|Any CPU
		{E6BB0EFD-E2BA-4F4E-9818-424E09BD7D06}.Release|Any CPU.ActiveCfg = Release|Any CPU
		{E6BB0EFD-E2BA-4F4E-9818-424E09BD7D06}.Release|Any CPU.Build.0 = Release|Any CPU
	EndGlobalSection
EndGlobal
